
Microsoft Visual Studio Solution File, Format Version 12.00
# Visual Studio Version 17
VisualStudioVersion = 17.14.36202.13 d17.14
MinimumVisualStudioVersion = 10.0.40219.1
Project("{FAE04EC0-301F-11D3-BF4B-00C04F79EFBC}") = "PedidosService", "PedidosService\PedidosService.csproj", "{D149243A-B027-4A66-A149-CAA9372D0CEB}"
EndProject
Global
	GlobalSection(SolutionConfigurationPlatforms) = preSolution
		Debug|Any CPU = Debug|Any CPU
		Release|Any CPU = Release|Any CPU
	EndGlobalSection
	GlobalSection(ProjectConfigurationPlatforms) = postSolution
		{D149243A-B027-4A66-A149-CAA9372D0CEB}.Debug|Any CPU.ActiveCfg = Debug|Any CPU
		{D149243A-B027-4A66-A149-CAA9372D0CEB}.Debug|Any CPU.Build.0 = Debug|Any CPU
		{D149243A-B027-4A66-A149-CAA9372D0CEB}.Release|Any CPU.ActiveCfg = Release|Any CPU
		{D149243A-B027-4A66-A149-CAA9372D0CEB}.Release|Any CPU.Build.0 = Release|Any CPU
	EndGlobalSection
	GlobalSection(SolutionProperties) = preSolution
		HideSolutionNode = FALSE
	EndGlobalSection
	GlobalSection(ExtensibilityGlobals) = postSolution
		SolutionGuid = {FAC25D89-3BCB-46F0-AB49-094523F44346}
	EndGlobalSection
EndGlobal
